// !$*UTF8*$!
{
	archiveVersion = 1;
	classes = {
	};
	objectVersion = 55;
	objects = {

/* Begin PBXBuildFile section */
		1DFFA5A927E5CC2C007C182E /* AppDelegate.swift in Sources */ = {isa = PBXBuildFile; fileRef = 1DFFA5A827E5CC2C007C182E /* AppDelegate.swift */; };
		1DFFA5AB27E5CC2C007C182E /* SceneDelegate.swift in Sources */ = {isa = PBXBuildFile; fileRef = 1DFFA5AA27E5CC2C007C182E /* SceneDelegate.swift */; };
		1DFFA5AD27E5CC2C007C182E /* ViewController.swift in Sources */ = {isa = PBXBuildFile; fileRef = 1DFFA5AC27E5CC2C007C182E /* ViewController.swift */; };
		1DFFA5B027E5CC2C007C182E /* Main.storyboard in Resources */ = {isa = PBXBuildFile; fileRef = 1DFFA5AE27E5CC2C007C182E /* Main.storyboard */; };
		1DFFA5B227E5CC2D007C182E /* Assets.xcassets in Resources */ = {isa = PBXBuildFile; fileRef = 1DFFA5B127E5CC2D007C182E /* Assets.xcassets */; };
		1DFFA5B527E5CC2D007C182E /* LaunchScreen.storyboard in Resources */ = {isa = PBXBuildFile; fileRef = 1DFFA5B327E5CC2D007C182E /* LaunchScreen.storyboard */; };
		1DFFA5C227E5D4F1007C182E /* ModelParser.swift in Sources */ = {isa = PBXBuildFile; fileRef = 1DFFA5C127E5D4F1007C182E /* ModelParser.swift */; };
/* End PBXBuildFile section */

/* Begin PBXFileReference section */
		1DFFA5A527E5CC2C007C182E /* ImageClassificationApp.app */ = {isa = PBXFileReference; explicitFileType = wrapper.application; includeInIndex = 0; path = ImageClassificationApp.app; sourceTree = BUILT_PRODUCTS_DIR; };
		1DFFA5A827E5CC2C007C182E /* AppDelegate.swift */ = {isa = PBXFileReference; lastKnownFileType = sourcecode.swift; path = AppDelegate.swift; sourceTree = "<group>"; };
		1DFFA5AA27E5CC2C007C182E /* SceneDelegate.swift */ = {isa = PBXFileReference; lastKnownFileType = sourcecode.swift; path = SceneDelegate.swift; sourceTree = "<group>"; };
		1DFFA5AC27E5CC2C007C182E /* ViewController.swift */ = {isa = PBXFileReference; lastKnownFileType = sourcecode.swift; path = ViewController.swift; sourceTree = "<group>"; };
		1DFFA5AF27E5CC2C007C182E /* Base */ = {isa = PBXFileReference; lastKnownFileType = file.storyboard; name = Base; path = Base.lproj/Main.storyboard; sourceTree = "<group>"; };
		1DFFA5B127E5CC2D007C182E /* Assets.xcassets */ = {isa = PBXFileReference; lastKnownFileType = folder.assetcatalog; path = Assets.xcassets; sourceTree = "<group>"; };
		1DFFA5B427E5CC2D007C182E /* Base */ = {isa = PBXFileReference; lastKnownFileType = file.storyboard; name = Base; path = Base.lproj/LaunchScreen.storyboard; sourceTree = "<group>"; };
		1DFFA5B627E5CC2D007C182E /* Info.plist */ = {isa = PBXFileReference; lastKnownFileType = text.plist.xml; path = Info.plist; sourceTree = "<group>"; };
		1DFFA5C127E5D4F1007C182E /* ModelParser.swift */ = {isa = PBXFileReference; lastKnownFileType = sourcecode.swift; path = ModelParser.swift; sourceTree = "<group>"; };
/* End PBXFileReference section */

/* Begin PBXFrameworksBuildPhase section */
		1DFFA5A227E5CC2C007C182E /* Frameworks */ = {
			isa = PBXFrameworksBuildPhase;
			buildActionMask = 2147483647;
			files = (
			);
			runOnlyForDeploymentPostprocessing = 0;
		};
/* End PBXFrameworksBuildPhase section */

/* Begin PBXGroup section */
		1DFFA59C27E5CC2C007C182E = {
			isa = PBXGroup;
			children = (
				1DFFA5A727E5CC2C007C182E /* ImageClassificationApp */,
				1DFFA5A627E5CC2C007C182E /* Products */,
			);
			sourceTree = "<group>";
		};
		1DFFA5A627E5CC2C007C182E /* Products */ = {
			isa = PBXGroup;
			children = (
				1DFFA5A527E5CC2C007C182E /* ImageClassificationApp.app */,
			);
			name = Products;
			sourceTree = "<group>";
		};
		1DFFA5A727E5CC2C007C182E /* ImageClassificationApp */ = {
			isa = PBXGroup;
			children = (
				1DFFA5A827E5CC2C007C182E /* AppDelegate.swift */,
				1DFFA5AA27E5CC2C007C182E /* SceneDelegate.swift */,
				1DFFA5AC27E5CC2C007C182E /* ViewController.swift */,
				1DFFA5C127E5D4F1007C182E /* ModelParser.swift */,
				1DFFA5AE27E5CC2C007C182E /* Main.storyboard */,
				1DFFA5B127E5CC2D007C182E /* Assets.xcassets */,
				1DFFA5B327E5CC2D007C182E /* LaunchScreen.storyboard */,
				1DFFA5B627E5CC2D007C182E /* Info.plist */,
			);
			path = ImageClassificationApp;
			sourceTree = "<group>";
		};
/* End PBXGroup section */

/* Begin PBXNativeTarget section */
		1DFFA5A427E5CC2C007C182E /* ImageClassificationApp */ = {
			isa = PBXNativeTarget;
			buildConfigurationList = 1DFFA5B927E5CC2D007C182E /* Build configuration list for PBXNativeTarget "ImageClassificationApp" */;
			buildPhases = (
				1DFFA5A127E5CC2C007C182E /* Sources */,
				1DFFA5A227E5CC2C007C182E /* Frameworks */,
				1DFFA5A327E5CC2C007C182E /* Resources */,
			);
			buildRules = (
			);
			dependencies = (
			);
			name = ImageClassificationApp;
			productName = ImageClassificationApp;
			productReference = 1DFFA5A527E5CC2C007C182E /* ImageClassificationApp.app */;
			productType = "com.apple.product-type.application";
		};
/* End PBXNativeTarget section */

/* Begin PBXProject section */
		1DFFA59D27E5CC2C007C182E /* Project object */ = {
			isa = PBXProject;
			attributes = {
				BuildIndependentTargetsInParallel = 1;
				LastSwiftUpdateCheck = 1320;
				LastUpgradeCheck = 1320;
				TargetAttributes = {
					1DFFA5A427E5CC2C007C182E = {
						CreatedOnToolsVersion = 13.2.1;
					};
				};
			};
			buildConfigurationList = 1DFFA5A027E5CC2C007C182E /* Build configuration list for PBXProject "ImageClassificationApp" */;
			compatibilityVersion = "Xcode 13.0";
			developmentRegion = en;
			hasScannedForEncodings = 0;
			knownRegions = (
				en,
				Base,
			);
			mainGroup = 1DFFA59C27E5CC2C007C182E;
			productRefGroup = 1DFFA5A627E5CC2C007C182E /* Products */;
			projectDirPath = "";
			projectRoot = "";
			targets = (
				1DFFA5A427E5CC2C007C182E /* ImageClassificationApp */,
			);
		};
/* End PBXProject section */

/* Begin PBXResourcesBuildPhase section */
		1DFFA5A327E5CC2C007C182E /* Resources */ = {
			isa = PBXResourcesBuildPhase;
			buildActionMask = 2147483647;
			files = (
				1DFFA5B527E5CC2D007C182E /* LaunchScreen.storyboard in Resources */,
				1DFFA5B227E5CC2D007C182E /* Assets.xcassets in Resources */,
				1DFFA5B027E5CC2C007C182E /* Main.storyboard in Resources */,
			);
			runOnlyForDeploymentPostprocessing = 0;
		};
/* End PBXResourcesBuildPhase section */

/* Begin PBXSourcesBuildPhase section */
		1DFFA5A127E5CC2C007C182E /* Sources */ = {
			isa = PBXSourcesBuildPhase;
			buildActionMask = 2147483647;
			files = (
				1DFFA5AD27E5CC2C007C182E /* ViewController.swift in Sources */,
				1DFFA5A927E5CC2C007C182E /* AppDelegate.swift in Sources */,
				1DFFA5C227E5D4F1007C182E /* ModelParser.swift in Sources */,
				1DFFA5AB27E5CC2C007C182E /* SceneDelegate.swift in Sources */,
			);
			runOnlyForDeploymentPostprocessing = 0;
		};
/* End PBXSourcesBuildPhase section */

/* Begin PBXVariantGroup section */
		1DFFA5AE27E5CC2C007C182E /* Main.storyboard */ = {
			isa = PBXVariantGroup;
			children = (
				1DFFA5AF27E5CC2C007C182E /* Base */,
			);
			name = Main.storyboard;
			sourceTree = "<group>";
		};
		1DFFA5B327E5CC2D007C182E /* LaunchScreen.storyboard */ = {
			isa = PBXVariantGroup;
			children = (
				1DFFA5B427E5CC2D007C182E /* Base */,
			);
			name = LaunchScreen.storyboard;
			sourceTree = "<group>";
		};
/* End PBXVariantGroup section */

/* Begin XCBuildConfiguration section */
		1DFFA5B727E5CC2D007C182E /* Debug */ = {
			isa = XCBuildConfiguration;
			buildSettings = {
				ALWAYS_SEARCH_USER_PATHS = NO;
				CLANG_ANALYZER_NONNULL = YES;
				CLANG_ANALYZER_NUMBER_OBJECT_CONVERSION = YES_AGGRESSIVE;
				CLANG_CXX_LANGUAGE_STANDARD = "gnu++17";
				CLANG_CXX_LIBRARY = "libc++";
				CLANG_ENABLE_MODULES = YES;
				CLANG_ENABLE_OBJC_ARC = YES;
				CLANG_ENABLE_OBJC_WEAK = YES;
				CLANG_WARN_BLOCK_CAPTURE_AUTORELEASING = YES;
				CLANG_WARN_BOOL_CONVERSION = YES;
				CLANG_WARN_COMMA = YES;
				CLANG_WARN_CONSTANT_CONVERSION = YES;
				CLANG_WARN_DEPRECATED_OBJC_IMPLEMENTATIONS = YES;
				CLANG_WARN_DIRECT_OBJC_ISA_USAGE = YES_ERROR;
				CLANG_WARN_DOCUMENTATION_COMMENTS = YES;
				CLANG_WARN_EMPTY_BODY = YES;
				CLANG_WARN_ENUM_CONVERSION = YES;
				CLANG_WARN_INFINITE_RECURSION = YES;
				CLANG_WARN_INT_CONVERSION = YES;
				CLANG_WARN_NON_LITERAL_NULL_CONVERSION = YES;
				CLANG_WARN_OBJC_IMPLICIT_RETAIN_SELF = YES;
				CLANG_WARN_OBJC_LITERAL_CONVERSION = YES;
				CLANG_WARN_OBJC_ROOT_CLASS = YES_ERROR;
				CLANG_WARN_QUOTED_INCLUDE_IN_FRAMEWORK_HEADER = YES;
				CLANG_WARN_RANGE_LOOP_ANALYSIS = YES;
				CLANG_WARN_STRICT_PROTOTYPES = YES;
				CLANG_WARN_SUSPICIOUS_MOVE = YES;
				CLANG_WARN_UNGUARDED_AVAILABILITY = YES_AGGRESSIVE;
				CLANG_WARN_UNREACHABLE_CODE = YES;
				CLANG_WARN__DUPLICATE_METHOD_MATCH = YES;
				COPY_PHASE_STRIP = NO;
				DEBUG_INFORMATION_FORMAT = dwarf;
				ENABLE_STRICT_OBJC_MSGSEND = YES;
				ENABLE_TESTABILITY = YES;
				GCC_C_LANGUAGE_STANDARD = gnu11;
				GCC_DYNAMIC_NO_PIC = NO;
				GCC_NO_COMMON_BLOCKS = YES;
				GCC_OPTIMIZATION_LEVEL = 0;
				GCC_PREPROCESSOR_DEFINITIONS = (
					"DEBUG=1",
					"$(inherited)",
				);
				GCC_WARN_64_TO_32_BIT_CONVERSION = YES;
				GCC_WARN_ABOUT_RETURN_TYPE = YES_ERROR;
				GCC_WARN_UNDECLARED_SELECTOR = YES;
				GCC_WARN_UNINITIALIZED_AUTOS = YES_AGGRESSIVE;
				GCC_WARN_UNUSED_FUNCTION = YES;
				GCC_WARN_UNUSED_VARIABLE = YES;
				IPHONEOS_DEPLOYMENT_TARGET = 15.2;
				MTL_ENABLE_DEBUG_INFO = INCLUDE_SOURCE;
				MTL_FAST_MATH = YES;
				ONLY_ACTIVE_ARCH = YES;
				SDKROOT = iphoneos;
				SWIFT_ACTIVE_COMPILATION_CONDITIONS = DEBUG;
				SWIFT_OPTIMIZATION_LEVEL = "-Onone";
			};
			name = Debug;
		};
		1DFFA5B827E5CC2D007C182E /* Release */ = {
			isa = XCBuildConfiguration;
			buildSettings = {
				ALWAYS_SEARCH_USER_PATHS = NO;
				CLANG_ANALYZER_NONNULL = YES;
				CLANG_ANALYZER_NUMBER_OBJECT_CONVERSION = YES_AGGRESSIVE;
				CLANG_CXX_LANGUAGE_STANDARD = "gnu++17";
				CLANG_CXX_LIBRARY = "libc++";
				CLANG_ENABLE_MODULES = YES;
				CLANG_ENABLE_OBJC_ARC = YES;
				CLANG_ENABLE_OBJC_WEAK = YES;
				CLANG_WARN_BLOCK_CAPTURE_AUTORELEASING = YES;
				CLANG_WARN_BOOL_CONVERSION = YES;
				CLANG_WARN_COMMA = YES;
				CLANG_WARN_CONSTANT_CONVERSION = YES;
				CLANG_WARN_DEPRECATED_OBJC_IMPLEMENTATIONS = YES;
				CLANG_WARN_DIRECT_OBJC_ISA_USAGE = YES_ERROR;
				CLANG_WARN_DOCUMENTATION_COMMENTS = YES;
				CLANG_WARN_EMPTY_BODY = YES;
				CLANG_WARN_ENUM_CONVERSION = YES;
				CLANG_WARN_INFINITE_RECURSION = YES;
				CLANG_WARN_INT_CONVERSION = YES;
				CLANG_WARN_NON_LITERAL_NULL_CONVERSION = YES;
				CLANG_WARN_OBJC_IMPLICIT_RETAIN_SELF = YES;
				CLANG_WARN_OBJC_LITERAL_CONVERSION = YES;
				CLANG_WARN_OBJC_ROOT_CLASS = YES_ERROR;
				CLANG_WARN_QUOTED_INCLUDE_IN_FRAMEWORK_HEADER = YES;
				CLANG_WARN_RANGE_LOOP_ANALYSIS = YES;
				CLANG_WARN_STRICT_PROTOTYPES = YES;
				CLANG_WARN_SUSPICIOUS_MOVE = YES;
				CLANG_WARN_UNGUARDED_AVAILABILITY = YES_AGGRESSIVE;
				CLANG_WARN_UNREACHABLE_CODE = YES;
				CLANG_WARN__DUPLICATE_METHOD_MATCH = YES;
				COPY_PHASE_STRIP = NO;
				DEBUG_INFORMATION_FORMAT = "dwarf-with-dsym";
				ENABLE_NS_ASSERTIONS = NO;
				ENABLE_STRICT_OBJC_MSGSEND = YES;
				GCC_C_LANGUAGE_STANDARD = gnu11;
				GCC_NO_COMMON_BLOCKS = YES;
				GCC_WARN_64_TO_32_BIT_CONVERSION = YES;
				GCC_WARN_ABOUT_RETURN_TYPE = YES_ERROR;
				GCC_WARN_UNDECLARED_SELECTOR = YES;
				GCC_WARN_UNINITIALIZED_AUTOS = YES_AGGRESSIVE;
				GCC_WARN_UNUSED_FUNCTION = YES;
				GCC_WARN_UNUSED_VARIABLE = YES;
				IPHONEOS_DEPLOYMENT_TARGET = 15.2;
				MTL_ENABLE_DEBUG_INFO = NO;
				MTL_FAST_MATH = YES;
				SDKROOT = iphoneos;
				SWIFT_COMPILATION_MODE = wholemodule;
				SWIFT_OPTIMIZATION_LEVEL = "-O";
				VALIDATE_PRODUCT = YES;
			};
			name = Release;
		};
		1DFFA5BA27E5CC2D007C182E /* Debug */ = {
			isa = XCBuildConfiguration;
			buildSettings = {
				ASSETCATALOG_COMPILER_APPICON_NAME = AppIcon;
				ASSETCATALOG_COMPILER_GLOBAL_ACCENT_COLOR_NAME = AccentColor;
				CODE_SIGN_STYLE = Automatic;
				CURRENT_PROJECT_VERSION = 1;
				GENERATE_INFOPLIST_FILE = YES;
				INFOPLIST_FILE = ImageClassificationApp/Info.plist;
				INFOPLIST_KEY_UIApplicationSupportsIndirectInputEvents = YES;
				INFOPLIST_KEY_UILaunchStoryboardName = LaunchScreen;
				INFOPLIST_KEY_UIMainStoryboardFile = Main;
				INFOPLIST_KEY_UISupportedInterfaceOrientations_iPad = "UIInterfaceOrientationPortrait UIInterfaceOrientationPortraitUpsideDown UIInterfaceOrientationLandscapeLeft UIInterfaceOrientationLandscapeRight";
				INFOPLIST_KEY_UISupportedInterfaceOrientations_iPhone = "UIInterfaceOrientationPortrait UIInterfaceOrientationLandscapeLeft UIInterfaceOrientationLandscapeRight";
				LD_RUNPATH_SEARCH_PATHS = (
					"$(inherited)",
					"@executable_path/Frameworks",
				);
				MARKETING_VERSION = 1.0;
				PRODUCT_BUNDLE_IDENTIFIER = com.mmh.ImageClassificationApp;
				PRODUCT_NAME = "$(TARGET_NAME)";
				SWIFT_EMIT_LOC_STRINGS = YES;
				SWIFT_VERSION = 5.0;
				TARGETED_DEVICE_FAMILY = "1,2";
			};
			name = Debug;
		};
		1DFFA5BB27E5CC2D007C182E /* Release */ = {
			isa = XCBuildConfiguration;
			buildSettings = {
				ASSETCATALOG_COMPILER_APPICON_NAME = AppIcon;
				ASSETCATALOG_COMPILER_GLOBAL_ACCENT_COLOR_NAME = AccentColor;
				CODE_SIGN_STYLE = Automatic;
				CURRENT_PROJECT_VERSION = 1;
				GENERATE_INFOPLIST_FILE = YES;
				INFOPLIST_FILE = ImageClassificationApp/Info.plist;
				INFOPLIST_KEY_UIApplicationSupportsIndirectInputEvents = YES;
				INFOPLIST_KEY_UILaunchStoryboardName = LaunchScreen;
				INFOPLIST_KEY_UIMainStoryboardFile = Main;
				INFOPLIST_KEY_UISupportedInterfaceOrientations_iPad = "UIInterfaceOrientationPortrait UIInterfaceOrientationPortraitUpsideDown UIInterfaceOrientationLandscapeLeft UIInterfaceOrientationLandscapeRight";
				INFOPLIST_KEY_UISupportedInterfaceOrientations_iPhone = "UIInterfaceOrientationPortrait UIInterfaceOrientationLandscapeLeft UIInterfaceOrientationLandscapeRight";
				LD_RUNPATH_SEARCH_PATHS = (
					"$(inherited)",
					"@executable_path/Frameworks",
				);
				MARKETING_VERSION = 1.0;
				PRODUCT_BUNDLE_IDENTIFIER = com.mmh.ImageClassificationApp;
				PRODUCT_NAME = "$(TARGET_NAME)";
				SWIFT_EMIT_LOC_STRINGS = YES;
				SWIFT_VERSION = 5.0;
				TARGETED_DEVICE_FAMILY = "1,2";
			};
			name = Release;
		};
/* End XCBuildConfiguration section */

/* Begin XCConfigurationList section */
		1DFFA5A027E5CC2C007C182E /* Build configuration list for PBXProject "ImageClassificationApp" */ = {
			isa = XCConfigurationList;
			buildConfigurations = (
				1DFFA5B727E5CC2D007C182E /* Debug */,
				1DFFA5B827E5CC2D007C182E /* Release */,
			);
			defaultConfigurationIsVisible = 0;
			defaultConfigurationName = Release;
		};
		1DFFA5B927E5CC2D007C182E /* Build configuration list for PBXNativeTarget "ImageClassificationApp" */ = {
			isa = XCConfigurationList;
			buildConfigurations = (
				1DFFA5BA27E5CC2D007C182E /* Debug */,
				1DFFA5BB27E5CC2D007C182E /* Release */,
			);
			defaultConfigurationIsVisible = 0;
			defaultConfigurationName = Release;
		};
/* End XCConfigurationList section */
	};
	rootObject = 1DFFA59D27E5CC2C007C182E /* Project object */;
}
